// !$*UTF8*$!
{
	archiveVersion = 1;
	classes = {
	};
	objectVersion = 48;
	objects = {

/* Begin PBXBuildFile section */
		05E2463F1F1C387000EB26B9 /* AppDelegate.swift in Sources */ = {isa = PBXBuildFile; fileRef = 05E2463E1F1C387000EB26B9 /* AppDelegate.swift */; };
		05E246411F1C387000EB26B9 /* ViewController.swift in Sources */ = {isa = PBXBuildFile; fileRef = 05E246401F1C387000EB26B9 /* ViewController.swift */; };
		05E246441F1C387000EB26B9 /* Main.storyboard in Resources */ = {isa = PBXBuildFile; fileRef = 05E246421F1C387000EB26B9 /* Main.storyboard */; };
		05E246461F1C387000EB26B9 /* Assets.xcassets in Resources */ = {isa = PBXBuildFile; fileRef = 05E246451F1C387000EB26B9 /* Assets.xcassets */; };
		05E246491F1C387000EB26B9 /* LaunchScreen.storyboard in Resources */ = {isa = PBXBuildFile; fileRef = 05E246471F1C387000EB26B9 /* LaunchScreen.storyboard */; };
/* End PBXBuildFile section */

/* Begin PBXFileReference section */
		05E2463B1F1C387000EB26B9 /* solar.app */ = {isa = PBXFileReference; explicitFileType = wrapper.application; includeInIndex = 0; path = solar.app; sourceTree = BUILT_PRODUCTS_DIR; };
		05E2463E1F1C387000EB26B9 /* AppDelegate.swift */ = {isa = PBXFileReference; lastKnownFileType = sourcecode.swift; path = AppDelegate.swift; sourceTree = "<group>"; };
		05E246401F1C387000EB26B9 /* ViewController.swift */ = {isa = PBXFileReference; lastKnownFileType = sourcecode.swift; path = ViewController.swift; sourceTree = "<group>"; };
		05E246431F1C387000EB26B9 /* Base */ = {isa = PBXFileReference; lastKnownFileType = file.storyboard; name = Base; path = Base.lproj/Main.storyboard; sourceTree = "<group>"; };
		05E246451F1C387000EB26B9 /* Assets.xcassets */ = {isa = PBXFileReference; lastKnownFileType = folder.assetcatalog; path = Assets.xcassets; sourceTree = "<group>"; };
		05E246481F1C387000EB26B9 /* Base */ = {isa = PBXFileReference; lastKnownFileType = file.storyboard; name = Base; path = Base.lproj/LaunchScreen.storyboard; sourceTree = "<group>"; };
		05E2464A1F1C387000EB26B9 /* Info.plist */ = {isa = PBXFileReference; lastKnownFileType = text.plist.xml; path = Info.plist; sourceTree = "<group>"; };
/* End PBXFileReference section */

/* Begin PBXFrameworksBuildPhase section */
		05E246381F1C387000EB26B9 /* Frameworks */ = {
			isa = PBXFrameworksBuildPhase;
			buildActionMask = 2147483647;
			files = (
			);
			runOnlyForDeploymentPostprocessing = 0;
		};
/* End PBXFrameworksBuildPhase section */

/* Begin PBXGroup section */
		05E246321F1C387000EB26B9 = {
			isa = PBXGroup;
			children = (
				05E2463D1F1C387000EB26B9 /* solar */,
				05E2463C1F1C387000EB26B9 /* Products */,
			);
			sourceTree = "<group>";
		};
		05E2463C1F1C387000EB26B9 /* Products */ = {
			isa = PBXGroup;
			children = (
				05E2463B1F1C387000EB26B9 /* solar.app */,
			);
			name = Products;
			sourceTree = "<group>";
		};
		05E2463D1F1C387000EB26B9 /* solar */ = {
			isa = PBXGroup;
			children = (
				05E2463E1F1C387000EB26B9 /* AppDelegate.swift */,
				05E246401F1C387000EB26B9 /* ViewController.swift */,
				05E246421F1C387000EB26B9 /* Main.storyboard */,
				05E246451F1C387000EB26B9 /* Assets.xcassets */,
				05E246471F1C387000EB26B9 /* LaunchScreen.storyboard */,
				05E2464A1F1C387000EB26B9 /* Info.plist */,
			);
			path = solar;
			sourceTree = "<group>";
		};
/* End PBXGroup section */

/* Begin PBXNativeTarget section */
		05E2463A1F1C387000EB26B9 /* solar */ = {
			isa = PBXNativeTarget;
			buildConfigurationList = 05E2464D1F1C387000EB26B9 /* Build configuration list for PBXNativeTarget "solar" */;
			buildPhases = (
				05E246371F1C387000EB26B9 /* Sources */,
				05E246381F1C387000EB26B9 /* Frameworks */,
				05E246391F1C387000EB26B9 /* Resources */,
			);
			buildRules = (
			);
			dependencies = (
			);
			name = solar;
			productName = solar;
			productReference = 05E2463B1F1C387000EB26B9 /* solar.app */;
			productType = "com.apple.product-type.application";
		};
/* End PBXNativeTarget section */

/* Begin PBXProject section */
		05E246331F1C387000EB26B9 /* Project object */ = {
			isa = PBXProject;
			attributes = {
				LastSwiftUpdateCheck = 0900;
				LastUpgradeCheck = 0900;
				ORGANIZATIONNAME = nb;
				TargetAttributes = {
					05E2463A1F1C387000EB26B9 = {
						CreatedOnToolsVersion = 9.0;
					};
				};
			};
			buildConfigurationList = 05E246361F1C387000EB26B9 /* Build configuration list for PBXProject "solar" */;
			compatibilityVersion = "Xcode 8.0";
			developmentRegion = en;
			hasScannedForEncodings = 0;
			knownRegions = (
				en,
				Base,
			);
			mainGroup = 05E246321F1C387000EB26B9;
			productRefGroup = 05E2463C1F1C387000EB26B9 /* Products */;
			projectDirPath = "";
			projectRoot = "";
			targets = (
				05E2463A1F1C387000EB26B9 /* solar */,
			);
		};
/* End PBXProject section */

/* Begin PBXResourcesBuildPhase section */
		05E246391F1C387000EB26B9 /* Resources */ = {
			isa = PBXResourcesBuildPhase;
			buildActionMask = 2147483647;
			files = (
				05E246491F1C387000EB26B9 /* LaunchScreen.storyboard in Resources */,
				05E246461F1C387000EB26B9 /* Assets.xcassets in Resources */,
				05E246441F1C387000EB26B9 /* Main.storyboard in Resources */,
			);
			runOnlyForDeploymentPostprocessing = 0;
		};
/* End PBXResourcesBuildPhase section */

/* Begin PBXSourcesBuildPhase section */
		05E246371F1C387000EB26B9 /* Sources */ = {
			isa = PBXSourcesBuildPhase;
			buildActionMask = 2147483647;
			files = (
				05E246411F1C387000EB26B9 /* ViewController.swift in Sources */,
				05E2463F1F1C387000EB26B9 /* AppDelegate.swift in Sources */,
			);
			runOnlyForDeploymentPostprocessing = 0;
		};
/* End PBXSourcesBuildPhase section */

/* Begin PBXVariantGroup section */
		05E246421F1C387000EB26B9 /* Main.storyboard */ = {
			isa = PBXVariantGroup;
			children = (
				05E246431F1C387000EB26B9 /* Base */,
			);
			name = Main.storyboard;
			sourceTree = "<group>";
		};
		05E246471F1C387000EB26B9 /* LaunchScreen.storyboard */ = {
			isa = PBXVariantGroup;
			children = (
				05E246481F1C387000EB26B9 /* Base */,
			);
			name = LaunchScreen.storyboard;
			sourceTree = "<group>";
		};
/* End PBXVariantGroup section */

/* Begin XCBuildConfiguration section */
		05E2464B1F1C387000EB26B9 /* Debug */ = {
			isa = XCBuildConfiguration;
			buildSettings = {
				ALWAYS_SEARCH_USER_PATHS = NO;
				CLANG_ANALYZER_NONNULL = YES;
				CLANG_ANALYZER_NUMBER_OBJECT_CONVERSION = YES_AGGRESSIVE;
				CLANG_CXX_LANGUAGE_STANDARD = "gnu++14";
				CLANG_CXX_LIBRARY = "libc++";
				CLANG_ENABLE_MODULES = YES;
				CLANG_ENABLE_OBJC_ARC = YES;
				CLANG_WARN_BLOCK_CAPTURE_AUTORELEASING = YES;
				CLANG_WARN_BOOL_CONVERSION = YES;
				CLANG_WARN_COMMA = YES;
				CLANG_WARN_CONSTANT_CONVERSION = YES;
				CLANG_WARN_DIRECT_OBJC_ISA_USAGE = YES_ERROR;
				CLANG_WARN_DOCUMENTATION_COMMENTS = YES;
				CLANG_WARN_EMPTY_BODY = YES;
				CLANG_WARN_ENUM_CONVERSION = YES;
				CLANG_WARN_INFINITE_RECURSION = YES;
				CLANG_WARN_INT_CONVERSION = YES;
				CLANG_WARN_OBJC_ROOT_CLASS = YES_ERROR;
				CLANG_WARN_RANGE_LOOP_ANALYSIS = YES;
				CLANG_WARN_STRICT_PROTOTYPES = YES;
				CLANG_WARN_SUSPICIOUS_MOVE = YES;
				CLANG_WARN_UNGUARDED_AVAILABILITY = YES_AGGRESSIVE;
				CLANG_WARN_UNREACHABLE_CODE = YES;
				CLANG_WARN__DUPLICATE_METHOD_MATCH = YES;
				CODE_SIGN_IDENTITY = "iPhone Developer";
				COPY_PHASE_STRIP = NO;
				DEBUG_INFORMATION_FORMAT = dwarf;
				ENABLE_STRICT_OBJC_MSGSEND = YES;
				ENABLE_TESTABILITY = YES;
				GCC_C_LANGUAGE_STANDARD = gnu11;
				GCC_DYNAMIC_NO_PIC = NO;
				GCC_NO_COMMON_BLOCKS = YES;
				GCC_OPTIMIZATION_LEVEL = 0;
				GCC_PREPROCESSOR_DEFINITIONS = (
					"DEBUG=1",
					"$(inherited)",
				);
				GCC_WARN_64_TO_32_BIT_CONVERSION = YES;
				GCC_WARN_ABOUT_RETURN_TYPE = YES_ERROR;
				GCC_WARN_UNDECLARED_SELECTOR = YES;
				GCC_WARN_UNINITIALIZED_AUTOS = YES_AGGRESSIVE;
				GCC_WARN_UNUSED_FUNCTION = YES;
				GCC_WARN_UNUSED_VARIABLE = YES;
				IPHONEOS_DEPLOYMENT_TARGET = 11.0;
				MTL_ENABLE_DEBUG_INFO = YES;
				ONLY_ACTIVE_ARCH = YES;
				SDKROOT = iphoneos;
				SWIFT_ACTIVE_COMPILATION_CONDITIONS = DEBUG;
				SWIFT_OPTIMIZATION_LEVEL = "-Onone";
			};
			name = Debug;
		};
		05E2464C1F1C387000EB26B9 /* Release */ = {
			isa = XCBuildConfiguration;
			buildSettings = {
				ALWAYS_SEARCH_USER_PATHS = NO;
				CLANG_ANALYZER_NONNULL = YES;
				CLANG_ANALYZER_NUMBER_OBJECT_CONVERSION = YES_AGGRESSIVE;
				CLANG_CXX_LANGUAGE_STANDARD = "gnu++14";
				CLANG_CXX_LIBRARY = "libc++";
				CLANG_ENABLE_MODULES = YES;
				CLANG_ENABLE_OBJC_ARC = YES;
				CLANG_WARN_BLOCK_CAPTURE_AUTORELEASING = YES;
				CLANG_WARN_BOOL_CONVERSION = YES;
				CLANG_WARN_COMMA = YES;
				CLANG_WARN_CONSTANT_CONVERSION = YES;
				CLANG_WARN_DIRECT_OBJC_ISA_USAGE = YES_ERROR;
				CLANG_WARN_DOCUMENTATION_COMMENTS = YES;
				CLANG_WARN_EMPTY_BODY = YES;
				CLANG_WARN_ENUM_CONVERSION = YES;
				CLANG_WARN_INFINITE_RECURSION = YES;
				CLANG_WARN_INT_CONVERSION = YES;
				CLANG_WARN_OBJC_ROOT_CLASS = YES_ERROR;
				CLANG_WARN_RANGE_LOOP_ANALYSIS = YES;
				CLANG_WARN_STRICT_PROTOTYPES = YES;
				CLANG_WARN_SUSPICIOUS_MOVE = YES;
				CLANG_WARN_UNGUARDED_AVAILABILITY = YES_AGGRESSIVE;
				CLANG_WARN_UNREACHABLE_CODE = YES;
				CLANG_WARN__DUPLICATE_METHOD_MATCH = YES;
				CODE_SIGN_IDENTITY = "iPhone Developer";
				COPY_PHASE_STRIP = NO;
				DEBUG_INFORMATION_FORMAT = "dwarf-with-dsym";
				ENABLE_NS_ASSERTIONS = NO;
				ENABLE_STRICT_OBJC_MSGSEND = YES;
				GCC_C_LANGUAGE_STANDARD = gnu11;
				GCC_NO_COMMON_BLOCKS = YES;
				GCC_WARN_64_TO_32_BIT_CONVERSION = YES;
				GCC_WARN_ABOUT_RETURN_TYPE = YES_ERROR;
				GCC_WARN_UNDECLARED_SELECTOR = YES;
				GCC_WARN_UNINITIALIZED_AUTOS = YES_AGGRESSIVE;
				GCC_WARN_UNUSED_FUNCTION = YES;
				GCC_WARN_UNUSED_VARIABLE = YES;
				IPHONEOS_DEPLOYMENT_TARGET = 11.0;
				MTL_ENABLE_DEBUG_INFO = NO;
				SDKROOT = iphoneos;
				SWIFT_OPTIMIZATION_LEVEL = "-Owholemodule";
				VALIDATE_PRODUCT = YES;
			};
			name = Release;
		};
		05E2464E1F1C387000EB26B9 /* Debug */ = {
			isa = XCBuildConfiguration;
			buildSettings = {
				ASSETCATALOG_COMPILER_APPICON_NAME = AppIcon;
				DEVELOPMENT_TEAM = D5C9R5U7RN;
				INFOPLIST_FILE = solar/Info.plist;
				LD_RUNPATH_SEARCH_PATHS = "$(inherited) @executable_path/Frameworks";
				PRODUCT_BUNDLE_IDENTIFIER = com.nb.solar;
				PRODUCT_NAME = "$(TARGET_NAME)";
				SWIFT_VERSION = 4.0;
				TARGETED_DEVICE_FAMILY = "1,2";
			};
			name = Debug;
		};
		05E2464F1F1C387000EB26B9 /* Release */ = {
			isa = XCBuildConfiguration;
			buildSettings = {
				ASSETCATALOG_COMPILER_APPICON_NAME = AppIcon;
				DEVELOPMENT_TEAM = D5C9R5U7RN;
				INFOPLIST_FILE = solar/Info.plist;
				LD_RUNPATH_SEARCH_PATHS = "$(inherited) @executable_path/Frameworks";
				PRODUCT_BUNDLE_IDENTIFIER = com.nb.solar;
				PRODUCT_NAME = "$(TARGET_NAME)";
				SWIFT_VERSION = 4.0;
				TARGETED_DEVICE_FAMILY = "1,2";
			};
			name = Release;
		};
/* End XCBuildConfiguration section */

/* Begin XCConfigurationList section */
		05E246361F1C387000EB26B9 /* Build configuration list for PBXProject "solar" */ = {
			isa = XCConfigurationList;
			buildConfigurations = (
				05E2464B1F1C387000EB26B9 /* Debug */,
				05E2464C1F1C387000EB26B9 /* Release */,
			);
			defaultConfigurationIsVisible = 0;
			defaultConfigurationName = Release;
		};
		05E2464D1F1C387000EB26B9 /* Build configuration list for PBXNativeTarget "solar" */ = {
			isa = XCConfigurationList;
			buildConfigurations = (
				05E2464E1F1C387000EB26B9 /* Debug */,
				05E2464F1F1C387000EB26B9 /* Release */,
			);
			defaultConfigurationIsVisible = 0;
		};
/* End XCConfigurationList section */
	};
	rootObject = 05E246331F1C387000EB26B9 /* Project object */;
}
